
Microsoft Visual Studio Solution File, Format Version 12.00
# Visual Studio Version 16
VisualStudioVersion = 16.0.30114.105
MinimumVisualStudioVersion = 10.0.40219.1
Project("{FAE04EC0-301F-11D3-BF4B-00C04F79EFBC}") = "R5T.T0055", "R5T.T0055\R5T.T0055.csproj", "{BA71AB46-BCC6-4395-AE29-5E624A469556}"
EndProject
Project("{FAE04EC0-301F-11D3-BF4B-00C04F79EFBC}") = "R5T.T0055.Construction", "R5T.T0055.Construction\R5T.T0055.Construction.csproj", "{725666E2-06AC-47D7-AC19-DCFB9D7E4278}"
EndProject
Project("{FAE04EC0-301F-11D3-BF4B-00C04F79EFBC}") = "R5T.T0055.X001", "R5T.T0055.X001\R5T.T0055.X001.csproj", "{674A45E1-CF96-44D8-B0FF-F0E1EF026497}"
EndProject
Global
	GlobalSection(SolutionConfigurationPlatforms) = preSolution
		Debug|Any CPU = Debug|Any CPU
		Debug|x64 = Debug|x64
		Debug|x86 = Debug|x86
		Release|Any CPU = Release|Any CPU
		Release|x64 = Release|x64
		Release|x86 = Release|x86
	EndGlobalSection
	GlobalSection(SolutionProperties) = preSolution
		HideSolutionNode = FALSE
	EndGlobalSection
	GlobalSection(ProjectConfigurationPlatforms) = postSolution
		{BA71AB46-BCC6-4395-AE29-5E624A469556}.Debug|Any CPU.ActiveCfg = Debug|Any CPU
		{BA71AB46-BCC6-4395-AE29-5E624A469556}.Debug|Any CPU.Build.0 = Debug|Any CPU
		{BA71AB46-BCC6-4395-AE29-5E624A469556}.Debug|x64.ActiveCfg = Debug|Any CPU
		{BA71AB46-BCC6-4395-AE29-5E624A469556}.Debug|x64.Build.0 = Debug|Any CPU
		{BA71AB46-BCC6-4395-AE29-5E624A469556}.Debug|x86.ActiveCfg = Debug|Any CPU
		{BA71AB46-BCC6-4395-AE29-5E624A469556}.Debug|x86.Build.0 = Debug|Any CPU
		{BA71AB46-BCC6-4395-AE29-5E624A469556}.Release|Any CPU.ActiveCfg = Release|Any CPU
		{BA71AB46-BCC6-4395-AE29-5E624A469556}.Release|Any CPU.Build.0 = Release|Any CPU
		{BA71AB46-BCC6-4395-AE29-5E624A469556}.Release|x64.ActiveCfg = Release|Any CPU
		{BA71AB46-BCC6-4395-AE29-5E624A469556}.Release|x64.Build.0 = Release|Any CPU
		{BA71AB46-BCC6-4395-AE29-5E624A469556}.Release|x86.ActiveCfg = Release|Any CPU
		{BA71AB46-BCC6-4395-AE29-5E624A469556}.Release|x86.Build.0 = Release|Any CPU
		{725666E2-06AC-47D7-AC19-DCFB9D7E4278}.Debug|Any CPU.ActiveCfg = Debug|Any CPU
		{725666E2-06AC-47D7-AC19-DCFB9D7E4278}.Debug|Any CPU.Build.0 = Debug|Any CPU
		{725666E2-06AC-47D7-AC19-DCFB9D7E4278}.Debug|x64.ActiveCfg = Debug|Any CPU
		{725666E2-06AC-47D7-AC19-DCFB9D7E4278}.Debug|x64.Build.0 = Debug|Any CPU
		{725666E2-06AC-47D7-AC19-DCFB9D7E4278}.Debug|x86.ActiveCfg = Debug|Any CPU
		{725666E2-06AC-47D7-AC19-DCFB9D7E4278}.Debug|x86.Build.0 = Debug|Any CPU
		{725666E2-06AC-47D7-AC19-DCFB9D7E4278}.Release|Any CPU.ActiveCfg = Release|Any CPU
		{725666E2-06AC-47D7-AC19-DCFB9D7E4278}.Release|Any CPU.Build.0 = Release|Any CPU
		{725666E2-06AC-47D7-AC19-DCFB9D7E4278}.Release|x64.ActiveCfg = Release|Any CPU
		{725666E2-06AC-47D7-AC19-DCFB9D7E4278}.Release|x64.Build.0 = Release|Any CPU
		{725666E2-06AC-47D7-AC19-DCFB9D7E4278}.Release|x86.ActiveCfg = Release|Any CPU
		{725666E2-06AC-47D7-AC19-DCFB9D7E4278}.Release|x86.Build.0 = Release|Any CPU
		{674A45E1-CF96-44D8-B0FF-F0E1EF026497}.Debug|Any CPU.ActiveCfg = Debug|Any CPU
		{674A45E1-CF96-44D8-B0FF-F0E1EF026497}.Debug|Any CPU.Build.0 = Debug|Any CPU
		{674A45E1-CF96-44D8-B0FF-F0E1EF026497}.Debug|x64.ActiveCfg = Debug|Any CPU
		{674A45E1-CF96-44D8-B0FF-F0E1EF026497}.Debug|x64.Build.0 = Debug|Any CPU
		{674A45E1-CF96-44D8-B0FF-F0E1EF026497}.Debug|x86.ActiveCfg = Debug|Any CPU
		{674A45E1-CF96-44D8-B0FF-F0E1EF026497}.Debug|x86.Build.0 = Debug|Any CPU
		{674A45E1-CF96-44D8-B0FF-F0E1EF026497}.Release|Any CPU.ActiveCfg = Release|Any CPU
		{674A45E1-CF96-44D8-B0FF-F0E1EF026497}.Release|Any CPU.Build.0 = Release|Any CPU
		{674A45E1-CF96-44D8-B0FF-F0E1EF026497}.Release|x64.ActiveCfg = Release|Any CPU
		{674A45E1-CF96-44D8-B0FF-F0E1EF026497}.Release|x64.Build.0 = Release|Any CPU
		{674A45E1-CF96-44D8-B0FF-F0E1EF026497}.Release|x86.ActiveCfg = Release|Any CPU
		{674A45E1-CF96-44D8-B0FF-F0E1EF026497}.Release|x86.Build.0 = Release|Any CPU
	EndGlobalSection
EndGlobal
